// !$*UTF8*$!
{
	archiveVersion = 1;
	classes = {
	};
	objectVersion = 55;
	objects = {

/* Begin PBXBuildFile section */
		AA0AC2BA27252D02001865D7 /* NetworkingAPI.docc in Sources */ = {isa = PBXBuildFile; fileRef = AA0AC2B927252D02001865D7 /* NetworkingAPI.docc */; };
		AA0AC2C027252D02001865D7 /* NetworkingAPI.framework in Frameworks */ = {isa = PBXBuildFile; fileRef = AA0AC2B527252D02001865D7 /* NetworkingAPI.framework */; };
		AA0AC2C527252D02001865D7 /* NetworkingAPITests.swift in Sources */ = {isa = PBXBuildFile; fileRef = AA0AC2C427252D02001865D7 /* NetworkingAPITests.swift */; };
		AA0AC2C627252D02001865D7 /* NetworkingAPI.h in Headers */ = {isa = PBXBuildFile; fileRef = AA0AC2B827252D02001865D7 /* NetworkingAPI.h */; settings = {ATTRIBUTES = (Public, ); }; };
		AA19CBCC2727F00000CA38E8 /* ExtensionNSObject.swift in Sources */ = {isa = PBXBuildFile; fileRef = AA19CBCB2727F00000CA38E8 /* ExtensionNSObject.swift */; };
		AA206D442725535F007323F8 /* HTTPMethods.swift in Sources */ = {isa = PBXBuildFile; fileRef = AA206D432725535F007323F8 /* HTTPMethods.swift */; };
		AA2DE953272542C90010A2CF /* Request.swift in Sources */ = {isa = PBXBuildFile; fileRef = AA2DE952272542C90010A2CF /* Request.swift */; };
		AA2DE962272548C50010A2CF /* APICallerInterface.swift in Sources */ = {isa = PBXBuildFile; fileRef = AA2DE961272548C50010A2CF /* APICallerInterface.swift */; };
		AA325DA52726DE850077F4D0 /* NetworkingApiError.swift in Sources */ = {isa = PBXBuildFile; fileRef = AA325DA42726DE850077F4D0 /* NetworkingApiError.swift */; };
		AA325DB02726E6BA0077F4D0 /* GetSourceOfString.swift in Sources */ = {isa = PBXBuildFile; fileRef = AA325DAF2726E6BA0077F4D0 /* GetSourceOfString.swift */; };
		AA325DB22726EFAC0077F4D0 /* ResponseAndData.swift in Sources */ = {isa = PBXBuildFile; fileRef = AA325DB12726EFAC0077F4D0 /* ResponseAndData.swift */; };
		AA325DB42726FFFF0077F4D0 /* ExtensionPublisher.swift in Sources */ = {isa = PBXBuildFile; fileRef = AA325DB32726FFFF0077F4D0 /* ExtensionPublisher.swift */; };
		AA325DB627271CA00077F4D0 /* ResponseAndDataInterface.swift in Sources */ = {isa = PBXBuildFile; fileRef = AA325DB527271CA00077F4D0 /* ResponseAndDataInterface.swift */; };
		AA7A36CA27282C0F00EF9CBF /* ExtensionResponseAndData.swift in Sources */ = {isa = PBXBuildFile; fileRef = AA7A36C927282C0F00EF9CBF /* ExtensionResponseAndData.swift */; };
		AAC134C02727CCFC00EBABA1 /* ExtensionApiCallerInterface.swift in Sources */ = {isa = PBXBuildFile; fileRef = AAC134BF2727CCFC00EBABA1 /* ExtensionApiCallerInterface.swift */; };
/* End PBXBuildFile section */

/* Begin PBXContainerItemProxy section */
		AA0AC2C127252D02001865D7 /* PBXContainerItemProxy */ = {
			isa = PBXContainerItemProxy;
			containerPortal = AA0AC2AC27252D02001865D7 /* Project object */;
			proxyType = 1;
			remoteGlobalIDString = AA0AC2B427252D02001865D7;
			remoteInfo = NetworkingAPI;
		};
/* End PBXContainerItemProxy section */

/* Begin PBXFileReference section */
		AA0AC2B527252D02001865D7 /* NetworkingAPI.framework */ = {isa = PBXFileReference; explicitFileType = wrapper.framework; includeInIndex = 0; path = NetworkingAPI.framework; sourceTree = BUILT_PRODUCTS_DIR; };
		AA0AC2B827252D02001865D7 /* NetworkingAPI.h */ = {isa = PBXFileReference; lastKnownFileType = sourcecode.c.h; path = NetworkingAPI.h; sourceTree = "<group>"; };
		AA0AC2B927252D02001865D7 /* NetworkingAPI.docc */ = {isa = PBXFileReference; lastKnownFileType = folder.documentationcatalog; path = NetworkingAPI.docc; sourceTree = "<group>"; };
		AA0AC2BF27252D02001865D7 /* NetworkingAPITests.xctest */ = {isa = PBXFileReference; explicitFileType = wrapper.cfbundle; includeInIndex = 0; path = NetworkingAPITests.xctest; sourceTree = BUILT_PRODUCTS_DIR; };
		AA0AC2C427252D02001865D7 /* NetworkingAPITests.swift */ = {isa = PBXFileReference; lastKnownFileType = sourcecode.swift; path = NetworkingAPITests.swift; sourceTree = "<group>"; };
		AA19CBCB2727F00000CA38E8 /* ExtensionNSObject.swift */ = {isa = PBXFileReference; lastKnownFileType = sourcecode.swift; path = ExtensionNSObject.swift; sourceTree = "<group>"; };
		AA206D432725535F007323F8 /* HTTPMethods.swift */ = {isa = PBXFileReference; lastKnownFileType = sourcecode.swift; path = HTTPMethods.swift; sourceTree = "<group>"; };
		AA2DE952272542C90010A2CF /* Request.swift */ = {isa = PBXFileReference; lastKnownFileType = sourcecode.swift; path = Request.swift; sourceTree = "<group>"; };
		AA2DE961272548C50010A2CF /* APICallerInterface.swift */ = {isa = PBXFileReference; lastKnownFileType = sourcecode.swift; path = APICallerInterface.swift; sourceTree = "<group>"; };
		AA325DA42726DE850077F4D0 /* NetworkingApiError.swift */ = {isa = PBXFileReference; lastKnownFileType = sourcecode.swift; path = NetworkingApiError.swift; sourceTree = "<group>"; };
		AA325DAA2726E6050077F4D0 /* Essentials.framework */ = {isa = PBXFileReference; explicitFileType = wrapper.framework; path = Essentials.framework; sourceTree = BUILT_PRODUCTS_DIR; };
		AA325DAF2726E6BA0077F4D0 /* GetSourceOfString.swift */ = {isa = PBXFileReference; lastKnownFileType = sourcecode.swift; path = GetSourceOfString.swift; sourceTree = "<group>"; };
		AA325DB12726EFAC0077F4D0 /* ResponseAndData.swift */ = {isa = PBXFileReference; lastKnownFileType = sourcecode.swift; path = ResponseAndData.swift; sourceTree = "<group>"; };
		AA325DB32726FFFF0077F4D0 /* ExtensionPublisher.swift */ = {isa = PBXFileReference; lastKnownFileType = sourcecode.swift; path = ExtensionPublisher.swift; sourceTree = "<group>"; };
		AA325DB527271CA00077F4D0 /* ResponseAndDataInterface.swift */ = {isa = PBXFileReference; lastKnownFileType = sourcecode.swift; path = ResponseAndDataInterface.swift; sourceTree = "<group>"; };
		AA7A36C927282C0F00EF9CBF /* ExtensionResponseAndData.swift */ = {isa = PBXFileReference; lastKnownFileType = sourcecode.swift; path = ExtensionResponseAndData.swift; sourceTree = "<group>"; };
		AAC134BF2727CCFC00EBABA1 /* ExtensionApiCallerInterface.swift */ = {isa = PBXFileReference; lastKnownFileType = sourcecode.swift; path = ExtensionApiCallerInterface.swift; sourceTree = "<group>"; };
/* End PBXFileReference section */

/* Begin PBXFrameworksBuildPhase section */
		AA0AC2B227252D02001865D7 /* Frameworks */ = {
			isa = PBXFrameworksBuildPhase;
			buildActionMask = 2147483647;
			files = (
			);
			runOnlyForDeploymentPostprocessing = 0;
		};
		AA0AC2BC27252D02001865D7 /* Frameworks */ = {
			isa = PBXFrameworksBuildPhase;
			buildActionMask = 2147483647;
			files = (
				AA0AC2C027252D02001865D7 /* NetworkingAPI.framework in Frameworks */,
			);
			runOnlyForDeploymentPostprocessing = 0;
		};
/* End PBXFrameworksBuildPhase section */

/* Begin PBXGroup section */
		AA0AC2AB27252D02001865D7 = {
			isa = PBXGroup;
			children = (
				AA0AC2B727252D02001865D7 /* NetworkingAPI */,
				AA0AC2C327252D02001865D7 /* NetworkingAPITests */,
				AA0AC2B627252D02001865D7 /* Products */,
				AA325DA92726E6050077F4D0 /* Frameworks */,
			);
			sourceTree = "<group>";
		};
		AA0AC2B627252D02001865D7 /* Products */ = {
			isa = PBXGroup;
			children = (
				AA0AC2B527252D02001865D7 /* NetworkingAPI.framework */,
				AA0AC2BF27252D02001865D7 /* NetworkingAPITests.xctest */,
			);
			name = Products;
			sourceTree = "<group>";
		};
		AA0AC2B727252D02001865D7 /* NetworkingAPI */ = {
			isa = PBXGroup;
			children = (
				AA325DAE2726E6AC0077F4D0 /* SupportingClasses */,
				AA325DA32726DE730077F4D0 /* Errors */,
				AAFBC9C12725AC3D00450622 /* Extensions */,
				AA206D4227255349007323F8 /* Enums */,
				AA2DE951272542B60010A2CF /* Protocols */,
				AA0AC2B827252D02001865D7 /* NetworkingAPI.h */,
				AA0AC2B927252D02001865D7 /* NetworkingAPI.docc */,
			);
			path = NetworkingAPI;
			sourceTree = "<group>";
		};
		AA0AC2C327252D02001865D7 /* NetworkingAPITests */ = {
			isa = PBXGroup;
			children = (
				AA0AC2C427252D02001865D7 /* NetworkingAPITests.swift */,
			);
			path = NetworkingAPITests;
			sourceTree = "<group>";
		};
		AA206D4227255349007323F8 /* Enums */ = {
			isa = PBXGroup;
			children = (
				AA206D432725535F007323F8 /* HTTPMethods.swift */,
			);
			path = Enums;
			sourceTree = "<group>";
		};
		AA2DE951272542B60010A2CF /* Protocols */ = {
			isa = PBXGroup;
			children = (
				AA2DE952272542C90010A2CF /* Request.swift */,
				AA2DE961272548C50010A2CF /* APICallerInterface.swift */,
				AA325DB527271CA00077F4D0 /* ResponseAndDataInterface.swift */,
			);
			path = Protocols;
			sourceTree = "<group>";
		};
		AA325DA32726DE730077F4D0 /* Errors */ = {
			isa = PBXGroup;
			children = (
				AA325DA42726DE850077F4D0 /* NetworkingApiError.swift */,
			);
			path = Errors;
			sourceTree = "<group>";
		};
		AA325DA92726E6050077F4D0 /* Frameworks */ = {
			isa = PBXGroup;
			children = (
				AA325DAA2726E6050077F4D0 /* Essentials.framework */,
			);
			name = Frameworks;
			sourceTree = "<group>";
		};
		AA325DAE2726E6AC0077F4D0 /* SupportingClasses */ = {
			isa = PBXGroup;
			children = (
				AA325DAF2726E6BA0077F4D0 /* GetSourceOfString.swift */,
				AA325DB12726EFAC0077F4D0 /* ResponseAndData.swift */,
			);
			path = SupportingClasses;
			sourceTree = "<group>";
		};
		AAFBC9C12725AC3D00450622 /* Extensions */ = {
			isa = PBXGroup;
			children = (
				AA325DB32726FFFF0077F4D0 /* ExtensionPublisher.swift */,
				AAC134BF2727CCFC00EBABA1 /* ExtensionApiCallerInterface.swift */,
				AA19CBCB2727F00000CA38E8 /* ExtensionNSObject.swift */,
				AA7A36C927282C0F00EF9CBF /* ExtensionResponseAndData.swift */,
			);
			path = Extensions;
			sourceTree = "<group>";
		};
/* End PBXGroup section */

/* Begin PBXHeadersBuildPhase section */
		AA0AC2B027252D02001865D7 /* Headers */ = {
			isa = PBXHeadersBuildPhase;
			buildActionMask = 2147483647;
			files = (
				AA0AC2C627252D02001865D7 /* NetworkingAPI.h in Headers */,
			);
			runOnlyForDeploymentPostprocessing = 0;
		};
/* End PBXHeadersBuildPhase section */

/* Begin PBXNativeTarget section */
		AA0AC2B427252D02001865D7 /* NetworkingAPI */ = {
			isa = PBXNativeTarget;
			buildConfigurationList = AA0AC2C927252D02001865D7 /* Build configuration list for PBXNativeTarget "NetworkingAPI" */;
			buildPhases = (
				AA0AC2B027252D02001865D7 /* Headers */,
				AA0AC2B127252D02001865D7 /* Sources */,
				AA0AC2B227252D02001865D7 /* Frameworks */,
				AA0AC2B327252D02001865D7 /* Resources */,
			);
			buildRules = (
			);
			dependencies = (
			);
			name = NetworkingAPI;
			productName = NetworkingAPI;
			productReference = AA0AC2B527252D02001865D7 /* NetworkingAPI.framework */;
			productType = "com.apple.product-type.framework";
		};
		AA0AC2BE27252D02001865D7 /* NetworkingAPITests */ = {
			isa = PBXNativeTarget;
			buildConfigurationList = AA0AC2CC27252D02001865D7 /* Build configuration list for PBXNativeTarget "NetworkingAPITests" */;
			buildPhases = (
				AA0AC2BB27252D02001865D7 /* Sources */,
				AA0AC2BC27252D02001865D7 /* Frameworks */,
				AA0AC2BD27252D02001865D7 /* Resources */,
			);
			buildRules = (
			);
			dependencies = (
				AA0AC2C227252D02001865D7 /* PBXTargetDependency */,
			);
			name = NetworkingAPITests;
			productName = NetworkingAPITests;
			productReference = AA0AC2BF27252D02001865D7 /* NetworkingAPITests.xctest */;
			productType = "com.apple.product-type.bundle.unit-test";
		};
/* End PBXNativeTarget section */

/* Begin PBXProject section */
		AA0AC2AC27252D02001865D7 /* Project object */ = {
			isa = PBXProject;
			attributes = {
				BuildIndependentTargetsInParallel = 1;
				LastSwiftUpdateCheck = 1300;
				LastUpgradeCheck = 1300;
				TargetAttributes = {
					AA0AC2B427252D02001865D7 = {
						CreatedOnToolsVersion = 13.0;
					};
					AA0AC2BE27252D02001865D7 = {
						CreatedOnToolsVersion = 13.0;
					};
				};
			};
			buildConfigurationList = AA0AC2AF27252D02001865D7 /* Build configuration list for PBXProject "NetworkingAPI" */;
			compatibilityVersion = "Xcode 13.0";
			developmentRegion = en;
			hasScannedForEncodings = 0;
			knownRegions = (
				en,
				Base,
			);
			mainGroup = AA0AC2AB27252D02001865D7;
			productRefGroup = AA0AC2B627252D02001865D7 /* Products */;
			projectDirPath = "";
			projectRoot = "";
			targets = (
				AA0AC2B427252D02001865D7 /* NetworkingAPI */,
				AA0AC2BE27252D02001865D7 /* NetworkingAPITests */,
			);
		};
/* End PBXProject section */

/* Begin PBXResourcesBuildPhase section */
		AA0AC2B327252D02001865D7 /* Resources */ = {
			isa = PBXResourcesBuildPhase;
			buildActionMask = 2147483647;
			files = (
			);
			runOnlyForDeploymentPostprocessing = 0;
		};
		AA0AC2BD27252D02001865D7 /* Resources */ = {
			isa = PBXResourcesBuildPhase;
			buildActionMask = 2147483647;
			files = (
			);
			runOnlyForDeploymentPostprocessing = 0;
		};
/* End PBXResourcesBuildPhase section */

/* Begin PBXSourcesBuildPhase section */
		AA0AC2B127252D02001865D7 /* Sources */ = {
			isa = PBXSourcesBuildPhase;
			buildActionMask = 2147483647;
			files = (
				AA325DB627271CA00077F4D0 /* ResponseAndDataInterface.swift in Sources */,
				AA206D442725535F007323F8 /* HTTPMethods.swift in Sources */,
				AA7A36CA27282C0F00EF9CBF /* ExtensionResponseAndData.swift in Sources */,
				AA2DE962272548C50010A2CF /* APICallerInterface.swift in Sources */,
				AA0AC2BA27252D02001865D7 /* NetworkingAPI.docc in Sources */,
				AA325DB22726EFAC0077F4D0 /* ResponseAndData.swift in Sources */,
				AA2DE953272542C90010A2CF /* Request.swift in Sources */,
				AA325DB02726E6BA0077F4D0 /* GetSourceOfString.swift in Sources */,
				AA19CBCC2727F00000CA38E8 /* ExtensionNSObject.swift in Sources */,
				AAC134C02727CCFC00EBABA1 /* ExtensionApiCallerInterface.swift in Sources */,
				AA325DA52726DE850077F4D0 /* NetworkingApiError.swift in Sources */,
				AA325DB42726FFFF0077F4D0 /* ExtensionPublisher.swift in Sources */,
			);
			runOnlyForDeploymentPostprocessing = 0;
		};
		AA0AC2BB27252D02001865D7 /* Sources */ = {
			isa = PBXSourcesBuildPhase;
			buildActionMask = 2147483647;
			files = (
				AA0AC2C527252D02001865D7 /* NetworkingAPITests.swift in Sources */,
			);
			runOnlyForDeploymentPostprocessing = 0;
		};
/* End PBXSourcesBuildPhase section */

/* Begin PBXTargetDependency section */
		AA0AC2C227252D02001865D7 /* PBXTargetDependency */ = {
			isa = PBXTargetDependency;
			target = AA0AC2B427252D02001865D7 /* NetworkingAPI */;
			targetProxy = AA0AC2C127252D02001865D7 /* PBXContainerItemProxy */;
		};
/* End PBXTargetDependency section */

/* Begin XCBuildConfiguration section */
		AA0AC2C727252D02001865D7 /* Debug */ = {
			isa = XCBuildConfiguration;
			buildSettings = {
				ALWAYS_SEARCH_USER_PATHS = NO;
				CLANG_ANALYZER_NONNULL = YES;
				CLANG_ANALYZER_NUMBER_OBJECT_CONVERSION = YES_AGGRESSIVE;
				CLANG_CXX_LANGUAGE_STANDARD = "gnu++17";
				CLANG_CXX_LIBRARY = "libc++";
				CLANG_ENABLE_MODULES = YES;
				CLANG_ENABLE_OBJC_ARC = YES;
				CLANG_ENABLE_OBJC_WEAK = YES;
				CLANG_WARN_BLOCK_CAPTURE_AUTORELEASING = YES;
				CLANG_WARN_BOOL_CONVERSION = YES;
				CLANG_WARN_COMMA = YES;
				CLANG_WARN_CONSTANT_CONVERSION = YES;
				CLANG_WARN_DEPRECATED_OBJC_IMPLEMENTATIONS = YES;
				CLANG_WARN_DIRECT_OBJC_ISA_USAGE = YES_ERROR;
				CLANG_WARN_DOCUMENTATION_COMMENTS = YES;
				CLANG_WARN_EMPTY_BODY = YES;
				CLANG_WARN_ENUM_CONVERSION = YES;
				CLANG_WARN_INFINITE_RECURSION = YES;
				CLANG_WARN_INT_CONVERSION = YES;
				CLANG_WARN_NON_LITERAL_NULL_CONVERSION = YES;
				CLANG_WARN_OBJC_IMPLICIT_RETAIN_SELF = YES;
				CLANG_WARN_OBJC_LITERAL_CONVERSION = YES;
				CLANG_WARN_OBJC_ROOT_CLASS = YES_ERROR;
				CLANG_WARN_QUOTED_INCLUDE_IN_FRAMEWORK_HEADER = YES;
				CLANG_WARN_RANGE_LOOP_ANALYSIS = YES;
				CLANG_WARN_STRICT_PROTOTYPES = YES;
				CLANG_WARN_SUSPICIOUS_MOVE = YES;
				CLANG_WARN_UNGUARDED_AVAILABILITY = YES_AGGRESSIVE;
				CLANG_WARN_UNREACHABLE_CODE = YES;
				CLANG_WARN__DUPLICATE_METHOD_MATCH = YES;
				COPY_PHASE_STRIP = NO;
				CURRENT_PROJECT_VERSION = 1;
				DEBUG_INFORMATION_FORMAT = dwarf;
				ENABLE_STRICT_OBJC_MSGSEND = YES;
				ENABLE_TESTABILITY = YES;
				GCC_C_LANGUAGE_STANDARD = gnu11;
				GCC_DYNAMIC_NO_PIC = NO;
				GCC_NO_COMMON_BLOCKS = YES;
				GCC_OPTIMIZATION_LEVEL = 0;
				GCC_PREPROCESSOR_DEFINITIONS = (
					"DEBUG=1",
					"$(inherited)",
				);
				GCC_WARN_64_TO_32_BIT_CONVERSION = YES;
				GCC_WARN_ABOUT_RETURN_TYPE = YES_ERROR;
				GCC_WARN_UNDECLARED_SELECTOR = YES;
				GCC_WARN_UNINITIALIZED_AUTOS = YES_AGGRESSIVE;
				GCC_WARN_UNUSED_FUNCTION = YES;
				GCC_WARN_UNUSED_VARIABLE = YES;
				IPHONEOS_DEPLOYMENT_TARGET = 13.0;
				MTL_ENABLE_DEBUG_INFO = INCLUDE_SOURCE;
				MTL_FAST_MATH = YES;
				ONLY_ACTIVE_ARCH = YES;
				SDKROOT = iphoneos;
				SWIFT_ACTIVE_COMPILATION_CONDITIONS = DEBUG;
				SWIFT_OPTIMIZATION_LEVEL = "-Onone";
				VERSIONING_SYSTEM = "apple-generic";
				VERSION_INFO_PREFIX = "";
			};
			name = Debug;
		};
		AA0AC2C827252D02001865D7 /* Release */ = {
			isa = XCBuildConfiguration;
			buildSettings = {
				ALWAYS_SEARCH_USER_PATHS = NO;
				CLANG_ANALYZER_NONNULL = YES;
				CLANG_ANALYZER_NUMBER_OBJECT_CONVERSION = YES_AGGRESSIVE;
				CLANG_CXX_LANGUAGE_STANDARD = "gnu++17";
				CLANG_CXX_LIBRARY = "libc++";
				CLANG_ENABLE_MODULES = YES;
				CLANG_ENABLE_OBJC_ARC = YES;
				CLANG_ENABLE_OBJC_WEAK = YES;
				CLANG_WARN_BLOCK_CAPTURE_AUTORELEASING = YES;
				CLANG_WARN_BOOL_CONVERSION = YES;
				CLANG_WARN_COMMA = YES;
				CLANG_WARN_CONSTANT_CONVERSION = YES;
				CLANG_WARN_DEPRECATED_OBJC_IMPLEMENTATIONS = YES;
				CLANG_WARN_DIRECT_OBJC_ISA_USAGE = YES_ERROR;
				CLANG_WARN_DOCUMENTATION_COMMENTS = YES;
				CLANG_WARN_EMPTY_BODY = YES;
				CLANG_WARN_ENUM_CONVERSION = YES;
				CLANG_WARN_INFINITE_RECURSION = YES;
				CLANG_WARN_INT_CONVERSION = YES;
				CLANG_WARN_NON_LITERAL_NULL_CONVERSION = YES;
				CLANG_WARN_OBJC_IMPLICIT_RETAIN_SELF = YES;
				CLANG_WARN_OBJC_LITERAL_CONVERSION = YES;
				CLANG_WARN_OBJC_ROOT_CLASS = YES_ERROR;
				CLANG_WARN_QUOTED_INCLUDE_IN_FRAMEWORK_HEADER = YES;
				CLANG_WARN_RANGE_LOOP_ANALYSIS = YES;
				CLANG_WARN_STRICT_PROTOTYPES = YES;
				CLANG_WARN_SUSPICIOUS_MOVE = YES;
				CLANG_WARN_UNGUARDED_AVAILABILITY = YES_AGGRESSIVE;
				CLANG_WARN_UNREACHABLE_CODE = YES;
				CLANG_WARN__DUPLICATE_METHOD_MATCH = YES;
				COPY_PHASE_STRIP = NO;
				CURRENT_PROJECT_VERSION = 1;
				DEBUG_INFORMATION_FORMAT = "dwarf-with-dsym";
				ENABLE_NS_ASSERTIONS = NO;
				ENABLE_STRICT_OBJC_MSGSEND = YES;
				GCC_C_LANGUAGE_STANDARD = gnu11;
				GCC_NO_COMMON_BLOCKS = YES;
				GCC_WARN_64_TO_32_BIT_CONVERSION = YES;
				GCC_WARN_ABOUT_RETURN_TYPE = YES_ERROR;
				GCC_WARN_UNDECLARED_SELECTOR = YES;
				GCC_WARN_UNINITIALIZED_AUTOS = YES_AGGRESSIVE;
				GCC_WARN_UNUSED_FUNCTION = YES;
				GCC_WARN_UNUSED_VARIABLE = YES;
				IPHONEOS_DEPLOYMENT_TARGET = 13.0;
				MTL_ENABLE_DEBUG_INFO = NO;
				MTL_FAST_MATH = YES;
				SDKROOT = iphoneos;
				SWIFT_COMPILATION_MODE = wholemodule;
				SWIFT_OPTIMIZATION_LEVEL = "-O";
				VALIDATE_PRODUCT = YES;
				VERSIONING_SYSTEM = "apple-generic";
				VERSION_INFO_PREFIX = "";
			};
			name = Release;
		};
		AA0AC2CA27252D02001865D7 /* Debug */ = {
			isa = XCBuildConfiguration;
			buildSettings = {
				CODE_SIGN_STYLE = Automatic;
				CURRENT_PROJECT_VERSION = 1;
				DEFINES_MODULE = YES;
				DYLIB_COMPATIBILITY_VERSION = 1;
				DYLIB_CURRENT_VERSION = 1;
				DYLIB_INSTALL_NAME_BASE = "@rpath";
				GENERATE_INFOPLIST_FILE = YES;
				INFOPLIST_KEY_NSHumanReadableCopyright = "";
				INSTALL_PATH = "$(LOCAL_LIBRARY_DIR)/Frameworks";
				LD_RUNPATH_SEARCH_PATHS = (
					"$(inherited)",
					"@executable_path/Frameworks",
					"@loader_path/Frameworks",
				);
				MARKETING_VERSION = 1.0;
				PRODUCT_BUNDLE_IDENTIFIER = com.yordan.NetworkingAPI;
				PRODUCT_NAME = "$(TARGET_NAME:c99extidentifier)";
				SKIP_INSTALL = YES;
				SWIFT_EMIT_LOC_STRINGS = YES;
				SWIFT_VERSION = 5.0;
				TARGETED_DEVICE_FAMILY = "1,2";
			};
			name = Debug;
		};
		AA0AC2CB27252D02001865D7 /* Release */ = {
			isa = XCBuildConfiguration;
			buildSettings = {
				CODE_SIGN_STYLE = Automatic;
				CURRENT_PROJECT_VERSION = 1;
				DEFINES_MODULE = YES;
				DYLIB_COMPATIBILITY_VERSION = 1;
				DYLIB_CURRENT_VERSION = 1;
				DYLIB_INSTALL_NAME_BASE = "@rpath";
				GENERATE_INFOPLIST_FILE = YES;
				INFOPLIST_KEY_NSHumanReadableCopyright = "";
				INSTALL_PATH = "$(LOCAL_LIBRARY_DIR)/Frameworks";
				LD_RUNPATH_SEARCH_PATHS = (
					"$(inherited)",
					"@executable_path/Frameworks",
					"@loader_path/Frameworks",
				);
				MARKETING_VERSION = 1.0;
				PRODUCT_BUNDLE_IDENTIFIER = com.yordan.NetworkingAPI;
				PRODUCT_NAME = "$(TARGET_NAME:c99extidentifier)";
				SKIP_INSTALL = YES;
				SWIFT_EMIT_LOC_STRINGS = YES;
				SWIFT_VERSION = 5.0;
				TARGETED_DEVICE_FAMILY = "1,2";
			};
			name = Release;
		};
		AA0AC2CD27252D02001865D7 /* Debug */ = {
			isa = XCBuildConfiguration;
			buildSettings = {
				ALWAYS_EMBED_SWIFT_STANDARD_LIBRARIES = YES;
				CODE_SIGN_STYLE = Automatic;
				CURRENT_PROJECT_VERSION = 1;
				GENERATE_INFOPLIST_FILE = YES;
				LD_RUNPATH_SEARCH_PATHS = (
					"$(inherited)",
					"@executable_path/Frameworks",
					"@loader_path/Frameworks",
				);
				MARKETING_VERSION = 1.0;
				PRODUCT_BUNDLE_IDENTIFIER = com.yordan.NetworkingAPITests;
				PRODUCT_NAME = "$(TARGET_NAME)";
				SWIFT_EMIT_LOC_STRINGS = NO;
				SWIFT_VERSION = 5.0;
				TARGETED_DEVICE_FAMILY = "1,2";
			};
			name = Debug;
		};
		AA0AC2CE27252D02001865D7 /* Release */ = {
			isa = XCBuildConfiguration;
			buildSettings = {
				ALWAYS_EMBED_SWIFT_STANDARD_LIBRARIES = YES;
				CODE_SIGN_STYLE = Automatic;
				CURRENT_PROJECT_VERSION = 1;
				GENERATE_INFOPLIST_FILE = YES;
				LD_RUNPATH_SEARCH_PATHS = (
					"$(inherited)",
					"@executable_path/Frameworks",
					"@loader_path/Frameworks",
				);
				MARKETING_VERSION = 1.0;
				PRODUCT_BUNDLE_IDENTIFIER = com.yordan.NetworkingAPITests;
				PRODUCT_NAME = "$(TARGET_NAME)";
				SWIFT_EMIT_LOC_STRINGS = NO;
				SWIFT_VERSION = 5.0;
				TARGETED_DEVICE_FAMILY = "1,2";
			};
			name = Release;
		};
/* End XCBuildConfiguration section */

/* Begin XCConfigurationList section */
		AA0AC2AF27252D02001865D7 /* Build configuration list for PBXProject "NetworkingAPI" */ = {
			isa = XCConfigurationList;
			buildConfigurations = (
				AA0AC2C727252D02001865D7 /* Debug */,
				AA0AC2C827252D02001865D7 /* Release */,
			);
			defaultConfigurationIsVisible = 0;
			defaultConfigurationName = Release;
		};
		AA0AC2C927252D02001865D7 /* Build configuration list for PBXNativeTarget "NetworkingAPI" */ = {
			isa = XCConfigurationList;
			buildConfigurations = (
				AA0AC2CA27252D02001865D7 /* Debug */,
				AA0AC2CB27252D02001865D7 /* Release */,
			);
			defaultConfigurationIsVisible = 0;
			defaultConfigurationName = Release;
		};
		AA0AC2CC27252D02001865D7 /* Build configuration list for PBXNativeTarget "NetworkingAPITests" */ = {
			isa = XCConfigurationList;
			buildConfigurations = (
				AA0AC2CD27252D02001865D7 /* Debug */,
				AA0AC2CE27252D02001865D7 /* Release */,
			);
			defaultConfigurationIsVisible = 0;
			defaultConfigurationName = Release;
		};
/* End XCConfigurationList section */
	};
	rootObject = AA0AC2AC27252D02001865D7 /* Project object */;
}
